
Microsoft Visual Studio Solution File, Format Version 12.00
Project("{FAE04EC0-301F-11D3-BF4B-00C04F79EFBC}") = "Backend", "Backend\Backend.csproj", "{56523907-7810-4821-B843-B4CBA84125F5}"
EndProject
Project("{FAE04EC0-301F-11D3-BF4B-00C04F79EFBC}") = "Backend.Tests", "Backend.Tests\Backend.Tests.csproj", "{5E51585D-2EDC-41FD-98B4-6454942B3D87}"
EndProject
Global
	GlobalSection(SolutionConfigurationPlatforms) = preSolution
		Debug|Any CPU = Debug|Any CPU
		Release|Any CPU = Release|Any CPU
	EndGlobalSection
	GlobalSection(ProjectConfigurationPlatforms) = postSolution
		{56523907-7810-4821-B843-B4CBA84125F5}.Debug|Any CPU.ActiveCfg = Debug|Any CPU
		{56523907-7810-4821-B843-B4CBA84125F5}.Debug|Any CPU.Build.0 = Debug|Any CPU
		{56523907-7810-4821-B843-B4CBA84125F5}.Release|Any CPU.ActiveCfg = Release|Any CPU
		{56523907-7810-4821-B843-B4CBA84125F5}.Release|Any CPU.Build.0 = Release|Any CPU
		{5E51585D-2EDC-41FD-98B4-6454942B3D87}.Debug|Any CPU.ActiveCfg = Debug|Any CPU
		{5E51585D-2EDC-41FD-98B4-6454942B3D87}.Debug|Any CPU.Build.0 = Debug|Any CPU
		{5E51585D-2EDC-41FD-98B4-6454942B3D87}.Release|Any CPU.ActiveCfg = Release|Any CPU
		{5E51585D-2EDC-41FD-98B4-6454942B3D87}.Release|Any CPU.Build.0 = Release|Any CPU
	EndGlobalSection
EndGlobal
